// !$*UTF8*$!
{
	archiveVersion = 1;
	classes = {
	};
	objectVersion = 48;
	objects = {

/* Begin PBXBuildFile section */
		879FB367203873FF00033E0E /* AppDelegate.swift in Sources */ = {isa = PBXBuildFile; fileRef = 879FB366203873FF00033E0E /* AppDelegate.swift */; };
		879FB369203873FF00033E0E /* ViewController.swift in Sources */ = {isa = PBXBuildFile; fileRef = 879FB368203873FF00033E0E /* ViewController.swift */; };
		879FB36C203873FF00033E0E /* Main.storyboard in Resources */ = {isa = PBXBuildFile; fileRef = 879FB36A203873FF00033E0E /* Main.storyboard */; };
		879FB36E203873FF00033E0E /* Assets.xcassets in Resources */ = {isa = PBXBuildFile; fileRef = 879FB36D203873FF00033E0E /* Assets.xcassets */; };
		879FB371203873FF00033E0E /* LaunchScreen.storyboard in Resources */ = {isa = PBXBuildFile; fileRef = 879FB36F203873FF00033E0E /* LaunchScreen.storyboard */; };
		879FB37C203873FF00033E0E /* ViewResixeWithPanTests.swift in Sources */ = {isa = PBXBuildFile; fileRef = 879FB37B203873FF00033E0E /* ViewResixeWithPanTests.swift */; };
		879FB3872038744100033E0E /* CustomView.swift in Sources */ = {isa = PBXBuildFile; fileRef = 879FB3862038744100033E0E /* CustomView.swift */; };
/* End PBXBuildFile section */

/* Begin PBXContainerItemProxy section */
		879FB378203873FF00033E0E /* PBXContainerItemProxy */ = {
			isa = PBXContainerItemProxy;
			containerPortal = 879FB35B203873FF00033E0E /* Project object */;
			proxyType = 1;
			remoteGlobalIDString = 879FB362203873FF00033E0E;
			remoteInfo = ViewResixeWithPan;
		};
/* End PBXContainerItemProxy section */

/* Begin PBXFileReference section */
		879FB363203873FF00033E0E /* ViewResixeWithPan.app */ = {isa = PBXFileReference; explicitFileType = wrapper.application; includeInIndex = 0; path = ViewResixeWithPan.app; sourceTree = BUILT_PRODUCTS_DIR; };
		879FB366203873FF00033E0E /* AppDelegate.swift */ = {isa = PBXFileReference; lastKnownFileType = sourcecode.swift; path = AppDelegate.swift; sourceTree = "<group>"; };
		879FB368203873FF00033E0E /* ViewController.swift */ = {isa = PBXFileReference; lastKnownFileType = sourcecode.swift; path = ViewController.swift; sourceTree = "<group>"; };
		879FB36B203873FF00033E0E /* Base */ = {isa = PBXFileReference; lastKnownFileType = file.storyboard; name = Base; path = Base.lproj/Main.storyboard; sourceTree = "<group>"; };
		879FB36D203873FF00033E0E /* Assets.xcassets */ = {isa = PBXFileReference; lastKnownFileType = folder.assetcatalog; path = Assets.xcassets; sourceTree = "<group>"; };
		879FB370203873FF00033E0E /* Base */ = {isa = PBXFileReference; lastKnownFileType = file.storyboard; name = Base; path = Base.lproj/LaunchScreen.storyboard; sourceTree = "<group>"; };
		879FB372203873FF00033E0E /* Info.plist */ = {isa = PBXFileReference; lastKnownFileType = text.plist.xml; path = Info.plist; sourceTree = "<group>"; };
		879FB377203873FF00033E0E /* ViewResixeWithPanTests.xctest */ = {isa = PBXFileReference; explicitFileType = wrapper.cfbundle; includeInIndex = 0; path = ViewResixeWithPanTests.xctest; sourceTree = BUILT_PRODUCTS_DIR; };
		879FB37B203873FF00033E0E /* ViewResixeWithPanTests.swift */ = {isa = PBXFileReference; lastKnownFileType = sourcecode.swift; path = ViewResixeWithPanTests.swift; sourceTree = "<group>"; };
		879FB37D203873FF00033E0E /* Info.plist */ = {isa = PBXFileReference; lastKnownFileType = text.plist.xml; path = Info.plist; sourceTree = "<group>"; };
		879FB3862038744100033E0E /* CustomView.swift */ = {isa = PBXFileReference; lastKnownFileType = sourcecode.swift; path = CustomView.swift; sourceTree = "<group>"; };
/* End PBXFileReference section */

/* Begin PBXFrameworksBuildPhase section */
		879FB360203873FF00033E0E /* Frameworks */ = {
			isa = PBXFrameworksBuildPhase;
			buildActionMask = 2147483647;
			files = (
			);
			runOnlyForDeploymentPostprocessing = 0;
		};
		879FB374203873FF00033E0E /* Frameworks */ = {
			isa = PBXFrameworksBuildPhase;
			buildActionMask = 2147483647;
			files = (
			);
			runOnlyForDeploymentPostprocessing = 0;
		};
/* End PBXFrameworksBuildPhase section */

/* Begin PBXGroup section */
		879FB35A203873FF00033E0E = {
			isa = PBXGroup;
			children = (
				879FB365203873FF00033E0E /* ViewResixeWithPan */,
				879FB37A203873FF00033E0E /* ViewResixeWithPanTests */,
				879FB364203873FF00033E0E /* Products */,
			);
			sourceTree = "<group>";
		};
		879FB364203873FF00033E0E /* Products */ = {
			isa = PBXGroup;
			children = (
				879FB363203873FF00033E0E /* ViewResixeWithPan.app */,
				879FB377203873FF00033E0E /* ViewResixeWithPanTests.xctest */,
			);
			name = Products;
			sourceTree = "<group>";
		};
		879FB365203873FF00033E0E /* ViewResixeWithPan */ = {
			isa = PBXGroup;
			children = (
				879FB366203873FF00033E0E /* AppDelegate.swift */,
				879FB368203873FF00033E0E /* ViewController.swift */,
				879FB3862038744100033E0E /* CustomView.swift */,
				879FB36A203873FF00033E0E /* Main.storyboard */,
				879FB36D203873FF00033E0E /* Assets.xcassets */,
				879FB36F203873FF00033E0E /* LaunchScreen.storyboard */,
				879FB372203873FF00033E0E /* Info.plist */,
			);
			path = ViewResixeWithPan;
			sourceTree = "<group>";
		};
		879FB37A203873FF00033E0E /* ViewResixeWithPanTests */ = {
			isa = PBXGroup;
			children = (
				879FB37B203873FF00033E0E /* ViewResixeWithPanTests.swift */,
				879FB37D203873FF00033E0E /* Info.plist */,
			);
			path = ViewResixeWithPanTests;
			sourceTree = "<group>";
		};
/* End PBXGroup section */

/* Begin PBXNativeTarget section */
		879FB362203873FF00033E0E /* ViewResixeWithPan */ = {
			isa = PBXNativeTarget;
			buildConfigurationList = 879FB380203873FF00033E0E /* Build configuration list for PBXNativeTarget "ViewResixeWithPan" */;
			buildPhases = (
				879FB35F203873FF00033E0E /* Sources */,
				879FB360203873FF00033E0E /* Frameworks */,
				879FB361203873FF00033E0E /* Resources */,
			);
			buildRules = (
			);
			dependencies = (
			);
			name = ViewResixeWithPan;
			productName = ViewResixeWithPan;
			productReference = 879FB363203873FF00033E0E /* ViewResixeWithPan.app */;
			productType = "com.apple.product-type.application";
		};
		879FB376203873FF00033E0E /* ViewResixeWithPanTests */ = {
			isa = PBXNativeTarget;
			buildConfigurationList = 879FB383203873FF00033E0E /* Build configuration list for PBXNativeTarget "ViewResixeWithPanTests" */;
			buildPhases = (
				879FB373203873FF00033E0E /* Sources */,
				879FB374203873FF00033E0E /* Frameworks */,
				879FB375203873FF00033E0E /* Resources */,
			);
			buildRules = (
			);
			dependencies = (
				879FB379203873FF00033E0E /* PBXTargetDependency */,
			);
			name = ViewResixeWithPanTests;
			productName = ViewResixeWithPanTests;
			productReference = 879FB377203873FF00033E0E /* ViewResixeWithPanTests.xctest */;
			productType = "com.apple.product-type.bundle.unit-test";
		};
/* End PBXNativeTarget section */

/* Begin PBXProject section */
		879FB35B203873FF00033E0E /* Project object */ = {
			isa = PBXProject;
			attributes = {
				LastSwiftUpdateCheck = 0920;
				LastUpgradeCheck = 0920;
				ORGANIZATIONNAME = "Vinodh Swamy";
				TargetAttributes = {
					879FB362203873FF00033E0E = {
						CreatedOnToolsVersion = 9.2;
						ProvisioningStyle = Automatic;
					};
					879FB376203873FF00033E0E = {
						CreatedOnToolsVersion = 9.2;
						ProvisioningStyle = Automatic;
						TestTargetID = 879FB362203873FF00033E0E;
					};
				};
			};
			buildConfigurationList = 879FB35E203873FF00033E0E /* Build configuration list for PBXProject "ViewResixeWithPan" */;
			compatibilityVersion = "Xcode 8.0";
			developmentRegion = en;
			hasScannedForEncodings = 0;
			knownRegions = (
				en,
				Base,
			);
			mainGroup = 879FB35A203873FF00033E0E;
			productRefGroup = 879FB364203873FF00033E0E /* Products */;
			projectDirPath = "";
			projectRoot = "";
			targets = (
				879FB362203873FF00033E0E /* ViewResixeWithPan */,
				879FB376203873FF00033E0E /* ViewResixeWithPanTests */,
			);
		};
/* End PBXProject section */

/* Begin PBXResourcesBuildPhase section */
		879FB361203873FF00033E0E /* Resources */ = {
			isa = PBXResourcesBuildPhase;
			buildActionMask = 2147483647;
			files = (
				879FB371203873FF00033E0E /* LaunchScreen.storyboard in Resources */,
				879FB36E203873FF00033E0E /* Assets.xcassets in Resources */,
				879FB36C203873FF00033E0E /* Main.storyboard in Resources */,
			);
			runOnlyForDeploymentPostprocessing = 0;
		};
		879FB375203873FF00033E0E /* Resources */ = {
			isa = PBXResourcesBuildPhase;
			buildActionMask = 2147483647;
			files = (
			);
			runOnlyForDeploymentPostprocessing = 0;
		};
/* End PBXResourcesBuildPhase section */

/* Begin PBXSourcesBuildPhase section */
		879FB35F203873FF00033E0E /* Sources */ = {
			isa = PBXSourcesBuildPhase;
			buildActionMask = 2147483647;
			files = (
				879FB3872038744100033E0E /* CustomView.swift in Sources */,
				879FB369203873FF00033E0E /* ViewController.swift in Sources */,
				879FB367203873FF00033E0E /* AppDelegate.swift in Sources */,
			);
			runOnlyForDeploymentPostprocessing = 0;
		};
		879FB373203873FF00033E0E /* Sources */ = {
			isa = PBXSourcesBuildPhase;
			buildActionMask = 2147483647;
			files = (
				879FB37C203873FF00033E0E /* ViewResixeWithPanTests.swift in Sources */,
			);
			runOnlyForDeploymentPostprocessing = 0;
		};
/* End PBXSourcesBuildPhase section */

/* Begin PBXTargetDependency section */
		879FB379203873FF00033E0E /* PBXTargetDependency */ = {
			isa = PBXTargetDependency;
			target = 879FB362203873FF00033E0E /* ViewResixeWithPan */;
			targetProxy = 879FB378203873FF00033E0E /* PBXContainerItemProxy */;
		};
/* End PBXTargetDependency section */

/* Begin PBXVariantGroup section */
		879FB36A203873FF00033E0E /* Main.storyboard */ = {
			isa = PBXVariantGroup;
			children = (
				879FB36B203873FF00033E0E /* Base */,
			);
			name = Main.storyboard;
			sourceTree = "<group>";
		};
		879FB36F203873FF00033E0E /* LaunchScreen.storyboard */ = {
			isa = PBXVariantGroup;
			children = (
				879FB370203873FF00033E0E /* Base */,
			);
			name = LaunchScreen.storyboard;
			sourceTree = "<group>";
		};
/* End PBXVariantGroup section */

/* Begin XCBuildConfiguration section */
		879FB37E203873FF00033E0E /* Debug */ = {
			isa = XCBuildConfiguration;
			buildSettings = {
				ALWAYS_SEARCH_USER_PATHS = NO;
				CLANG_ANALYZER_NONNULL = YES;
				CLANG_ANALYZER_NUMBER_OBJECT_CONVERSION = YES_AGGRESSIVE;
				CLANG_CXX_LANGUAGE_STANDARD = "gnu++14";
				CLANG_CXX_LIBRARY = "libc++";
				CLANG_ENABLE_MODULES = YES;
				CLANG_ENABLE_OBJC_ARC = YES;
				CLANG_WARN_BLOCK_CAPTURE_AUTORELEASING = YES;
				CLANG_WARN_BOOL_CONVERSION = YES;
				CLANG_WARN_COMMA = YES;
				CLANG_WARN_CONSTANT_CONVERSION = YES;
				CLANG_WARN_DIRECT_OBJC_ISA_USAGE = YES_ERROR;
				CLANG_WARN_DOCUMENTATION_COMMENTS = YES;
				CLANG_WARN_EMPTY_BODY = YES;
				CLANG_WARN_ENUM_CONVERSION = YES;
				CLANG_WARN_INFINITE_RECURSION = YES;
				CLANG_WARN_INT_CONVERSION = YES;
				CLANG_WARN_NON_LITERAL_NULL_CONVERSION = YES;
				CLANG_WARN_OBJC_LITERAL_CONVERSION = YES;
				CLANG_WARN_OBJC_ROOT_CLASS = YES_ERROR;
				CLANG_WARN_RANGE_LOOP_ANALYSIS = YES;
				CLANG_WARN_STRICT_PROTOTYPES = YES;
				CLANG_WARN_SUSPICIOUS_MOVE = YES;
				CLANG_WARN_UNGUARDED_AVAILABILITY = YES_AGGRESSIVE;
				CLANG_WARN_UNREACHABLE_CODE = YES;
				CLANG_WARN__DUPLICATE_METHOD_MATCH = YES;
				CODE_SIGN_IDENTITY = "iPhone Developer";
				COPY_PHASE_STRIP = NO;
				DEBUG_INFORMATION_FORMAT = dwarf;
				ENABLE_STRICT_OBJC_MSGSEND = YES;
				ENABLE_TESTABILITY = YES;
				GCC_C_LANGUAGE_STANDARD = gnu11;
				GCC_DYNAMIC_NO_PIC = NO;
				GCC_NO_COMMON_BLOCKS = YES;
				GCC_OPTIMIZATION_LEVEL = 0;
				GCC_PREPROCESSOR_DEFINITIONS = (
					"DEBUG=1",
					"$(inherited)",
				);
				GCC_WARN_64_TO_32_BIT_CONVERSION = YES;
				GCC_WARN_ABOUT_RETURN_TYPE = YES_ERROR;
				GCC_WARN_UNDECLARED_SELECTOR = YES;
				GCC_WARN_UNINITIALIZED_AUTOS = YES_AGGRESSIVE;
				GCC_WARN_UNUSED_FUNCTION = YES;
				GCC_WARN_UNUSED_VARIABLE = YES;
				IPHONEOS_DEPLOYMENT_TARGET = 11.2;
				MTL_ENABLE_DEBUG_INFO = YES;
				ONLY_ACTIVE_ARCH = YES;
				SDKROOT = iphoneos;
				SWIFT_ACTIVE_COMPILATION_CONDITIONS = DEBUG;
				SWIFT_OPTIMIZATION_LEVEL = "-Onone";
			};
			name = Debug;
		};
		879FB37F203873FF00033E0E /* Release */ = {
			isa = XCBuildConfiguration;
			buildSettings = {
				ALWAYS_SEARCH_USER_PATHS = NO;
				CLANG_ANALYZER_NONNULL = YES;
				CLANG_ANALYZER_NUMBER_OBJECT_CONVERSION = YES_AGGRESSIVE;
				CLANG_CXX_LANGUAGE_STANDARD = "gnu++14";
				CLANG_CXX_LIBRARY = "libc++";
				CLANG_ENABLE_MODULES = YES;
				CLANG_ENABLE_OBJC_ARC = YES;
				CLANG_WARN_BLOCK_CAPTURE_AUTORELEASING = YES;
				CLANG_WARN_BOOL_CONVERSION = YES;
				CLANG_WARN_COMMA = YES;
				CLANG_WARN_CONSTANT_CONVERSION = YES;
				CLANG_WARN_DIRECT_OBJC_ISA_USAGE = YES_ERROR;
				CLANG_WARN_DOCUMENTATION_COMMENTS = YES;
				CLANG_WARN_EMPTY_BODY = YES;
				CLANG_WARN_ENUM_CONVERSION = YES;
				CLANG_WARN_INFINITE_RECURSION = YES;
				CLANG_WARN_INT_CONVERSION = YES;
				CLANG_WARN_NON_LITERAL_NULL_CONVERSION = YES;
				CLANG_WARN_OBJC_LITERAL_CONVERSION = YES;
				CLANG_WARN_OBJC_ROOT_CLASS = YES_ERROR;
				CLANG_WARN_RANGE_LOOP_ANALYSIS = YES;
				CLANG_WARN_STRICT_PROTOTYPES = YES;
				CLANG_WARN_SUSPICIOUS_MOVE = YES;
				CLANG_WARN_UNGUARDED_AVAILABILITY = YES_AGGRESSIVE;
				CLANG_WARN_UNREACHABLE_CODE = YES;
				CLANG_WARN__DUPLICATE_METHOD_MATCH = YES;
				CODE_SIGN_IDENTITY = "iPhone Developer";
				COPY_PHASE_STRIP = NO;
				DEBUG_INFORMATION_FORMAT = "dwarf-with-dsym";
				ENABLE_NS_ASSERTIONS = NO;
				ENABLE_STRICT_OBJC_MSGSEND = YES;
				GCC_C_LANGUAGE_STANDARD = gnu11;
				GCC_NO_COMMON_BLOCKS = YES;
				GCC_WARN_64_TO_32_BIT_CONVERSION = YES;
				GCC_WARN_ABOUT_RETURN_TYPE = YES_ERROR;
				GCC_WARN_UNDECLARED_SELECTOR = YES;
				GCC_WARN_UNINITIALIZED_AUTOS = YES_AGGRESSIVE;
				GCC_WARN_UNUSED_FUNCTION = YES;
				GCC_WARN_UNUSED_VARIABLE = YES;
				IPHONEOS_DEPLOYMENT_TARGET = 11.2;
				MTL_ENABLE_DEBUG_INFO = NO;
				SDKROOT = iphoneos;
				SWIFT_OPTIMIZATION_LEVEL = "-Owholemodule";
				VALIDATE_PRODUCT = YES;
			};
			name = Release;
		};
		879FB381203873FF00033E0E /* Debug */ = {
			isa = XCBuildConfiguration;
			buildSettings = {
				ASSETCATALOG_COMPILER_APPICON_NAME = AppIcon;
				CODE_SIGN_STYLE = Automatic;
				DEVELOPMENT_TEAM = Q8K276U645;
				INFOPLIST_FILE = ViewResixeWithPan/Info.plist;
				LD_RUNPATH_SEARCH_PATHS = "$(inherited) @executable_path/Frameworks";
				PRODUCT_BUNDLE_IDENTIFIER = mycom.ViewResixeWithPan;
				PRODUCT_NAME = "$(TARGET_NAME)";
				SWIFT_VERSION = 4.0;
				TARGETED_DEVICE_FAMILY = "1,2";
			};
			name = Debug;
		};
		879FB382203873FF00033E0E /* Release */ = {
			isa = XCBuildConfiguration;
			buildSettings = {
				ASSETCATALOG_COMPILER_APPICON_NAME = AppIcon;
				CODE_SIGN_STYLE = Automatic;
				DEVELOPMENT_TEAM = Q8K276U645;
				INFOPLIST_FILE = ViewResixeWithPan/Info.plist;
				LD_RUNPATH_SEARCH_PATHS = "$(inherited) @executable_path/Frameworks";
				PRODUCT_BUNDLE_IDENTIFIER = mycom.ViewResixeWithPan;
				PRODUCT_NAME = "$(TARGET_NAME)";
				SWIFT_VERSION = 4.0;
				TARGETED_DEVICE_FAMILY = "1,2";
			};
			name = Release;
		};
		879FB384203873FF00033E0E /* Debug */ = {
			isa = XCBuildConfiguration;
			buildSettings = {
				ALWAYS_EMBED_SWIFT_STANDARD_LIBRARIES = YES;
				BUNDLE_LOADER = "$(TEST_HOST)";
				CODE_SIGN_STYLE = Automatic;
				DEVELOPMENT_TEAM = Q8K276U645;
				INFOPLIST_FILE = ViewResixeWithPanTests/Info.plist;
				LD_RUNPATH_SEARCH_PATHS = "$(inherited) @executable_path/Frameworks @loader_path/Frameworks";
				PRODUCT_BUNDLE_IDENTIFIER = mycom.ViewResixeWithPanTests;
				PRODUCT_NAME = "$(TARGET_NAME)";
				SWIFT_VERSION = 4.0;
				TARGETED_DEVICE_FAMILY = "1,2";
				TEST_HOST = "$(BUILT_PRODUCTS_DIR)/ViewResixeWithPan.app/ViewResixeWithPan";
			};
			name = Debug;
		};
		879FB385203873FF00033E0E /* Release */ = {
			isa = XCBuildConfiguration;
			buildSettings = {
				ALWAYS_EMBED_SWIFT_STANDARD_LIBRARIES = YES;
				BUNDLE_LOADER = "$(TEST_HOST)";
				CODE_SIGN_STYLE = Automatic;
				DEVELOPMENT_TEAM = Q8K276U645;
				INFOPLIST_FILE = ViewResixeWithPanTests/Info.plist;
				LD_RUNPATH_SEARCH_PATHS = "$(inherited) @executable_path/Frameworks @loader_path/Frameworks";
				PRODUCT_BUNDLE_IDENTIFIER = mycom.ViewResixeWithPanTests;
				PRODUCT_NAME = "$(TARGET_NAME)";
				SWIFT_VERSION = 4.0;
				TARGETED_DEVICE_FAMILY = "1,2";
				TEST_HOST = "$(BUILT_PRODUCTS_DIR)/ViewResixeWithPan.app/ViewResixeWithPan";
			};
			name = Release;
		};
/* End XCBuildConfiguration section */

/* Begin XCConfigurationList section */
		879FB35E203873FF00033E0E /* Build configuration list for PBXProject "ViewResixeWithPan" */ = {
			isa = XCConfigurationList;
			buildConfigurations = (
				879FB37E203873FF00033E0E /* Debug */,
				879FB37F203873FF00033E0E /* Release */,
			);
			defaultConfigurationIsVisible = 0;
			defaultConfigurationName = Release;
		};
		879FB380203873FF00033E0E /* Build configuration list for PBXNativeTarget "ViewResixeWithPan" */ = {
			isa = XCConfigurationList;
			buildConfigurations = (
				879FB381203873FF00033E0E /* Debug */,
				879FB382203873FF00033E0E /* Release */,
			);
			defaultConfigurationIsVisible = 0;
			defaultConfigurationName = Release;
		};
		879FB383203873FF00033E0E /* Build configuration list for PBXNativeTarget "ViewResixeWithPanTests" */ = {
			isa = XCConfigurationList;
			buildConfigurations = (
				879FB384203873FF00033E0E /* Debug */,
				879FB385203873FF00033E0E /* Release */,
			);
			defaultConfigurationIsVisible = 0;
			defaultConfigurationName = Release;
		};
/* End XCConfigurationList section */
	};
	rootObject = 879FB35B203873FF00033E0E /* Project object */;
}
