// !$*UTF8*$!
{
	archiveVersion = 1;
	classes = {
	};
	objectVersion = 48;
	objects = {

/* Begin PBXBuildFile section */
		8775BBB520305064005DAF59 /* CalendarMonthViewModel.swift in Sources */ = {isa = PBXBuildFile; fileRef = 8775BBB420305064005DAF59 /* CalendarMonthViewModel.swift */; };
		8775BBB720305345005DAF59 /* CalendarMonthLayout.swift in Sources */ = {isa = PBXBuildFile; fileRef = 8775BBB620305345005DAF59 /* CalendarMonthLayout.swift */; };
		8775BBBA2030C0F7005DAF59 /* CalendarView+Delegate.swift in Sources */ = {isa = PBXBuildFile; fileRef = 8775BBB92030C0F7005DAF59 /* CalendarView+Delegate.swift */; };
		879FB359203821DD00033E0E /* MonthTitleView.swift in Sources */ = {isa = PBXBuildFile; fileRef = 879FB358203821DD00033E0E /* MonthTitleView.swift */; };
		879FB3B02039EECE00033E0E /* AgendaViewController.swift in Sources */ = {isa = PBXBuildFile; fileRef = 879FB3AF2039EECE00033E0E /* AgendaViewController.swift */; };
		879FB3B32039EF9800033E0E /* EventKit.framework in Frameworks */ = {isa = PBXBuildFile; fileRef = 879FB3B22039EF9800033E0E /* EventKit.framework */; };
		879FB3B72039F1E700033E0E /* AgendaView.storyboard in Resources */ = {isa = PBXBuildFile; fileRef = 879FB3B62039F1E700033E0E /* AgendaView.storyboard */; };
		879FB3B92039F23600033E0E /* AgendaViewModel.swift in Sources */ = {isa = PBXBuildFile; fileRef = 879FB3B82039F23600033E0E /* AgendaViewModel.swift */; };
		879FB3BB2039F77800033E0E /* CalendarEvent.swift in Sources */ = {isa = PBXBuildFile; fileRef = 879FB3BA2039F77800033E0E /* CalendarEvent.swift */; };
		879FB3BD2039F9A900033E0E /* DayViewModel.swift in Sources */ = {isa = PBXBuildFile; fileRef = 879FB3BC2039F9A900033E0E /* DayViewModel.swift */; };
		879FB3BF2039FA5600033E0E /* EventViewModel.swift in Sources */ = {isa = PBXBuildFile; fileRef = 879FB3BE2039FA5600033E0E /* EventViewModel.swift */; };
		879FB3E5203A9BEE00033E0E /* EventsLoader.swift in Sources */ = {isa = PBXBuildFile; fileRef = 879FB3E4203A9BEE00033E0E /* EventsLoader.swift */; };
		879FB3E7203ABF4E00033E0E /* AgendaViewUpdate.swift in Sources */ = {isa = PBXBuildFile; fileRef = 879FB3E6203ABF4E00033E0E /* AgendaViewUpdate.swift */; };
		879FB3F7203B0EC900033E0E /* CalendarViewModel_Tests.swift in Sources */ = {isa = PBXBuildFile; fileRef = 879FB3F6203B0EC900033E0E /* CalendarViewModel_Tests.swift */; };
		879FB3F9203B19AF00033E0E /* CalendarMonthViewModel_Tests.swift in Sources */ = {isa = PBXBuildFile; fileRef = 879FB3F8203B19AF00033E0E /* CalendarMonthViewModel_Tests.swift */; };
		87B95C43203482DF004DAC97 /* Date+Util.swift in Sources */ = {isa = PBXBuildFile; fileRef = 87B95C42203482DF004DAC97 /* Date+Util.swift */; };
		87B95C45203485A0004DAC97 /* Date+Util_Tests.swift in Sources */ = {isa = PBXBuildFile; fileRef = 87B95C44203485A0004DAC97 /* Date+Util_Tests.swift */; };
		87B95C6E2034C57D004DAC97 /* CalendarDayCellViewModel.swift in Sources */ = {isa = PBXBuildFile; fileRef = 87B95C6D2034C57D004DAC97 /* CalendarDayCellViewModel.swift */; };
		87E9E05D2036012E00CA21BA /* CalendarViewModel.swift in Sources */ = {isa = PBXBuildFile; fileRef = 87E9E05C2036012E00CA21BA /* CalendarViewModel.swift */; };
		87FB4230203013200003C974 /* AppDelegate.swift in Sources */ = {isa = PBXBuildFile; fileRef = 87FB422F203013200003C974 /* AppDelegate.swift */; };
		87FB4232203013200003C974 /* ViewController.swift in Sources */ = {isa = PBXBuildFile; fileRef = 87FB4231203013200003C974 /* ViewController.swift */; };
		87FB4235203013200003C974 /* Main.storyboard in Resources */ = {isa = PBXBuildFile; fileRef = 87FB4233203013200003C974 /* Main.storyboard */; };
		87FB4237203013200003C974 /* Assets.xcassets in Resources */ = {isa = PBXBuildFile; fileRef = 87FB4236203013200003C974 /* Assets.xcassets */; };
		87FB423A203013200003C974 /* LaunchScreen.storyboard in Resources */ = {isa = PBXBuildFile; fileRef = 87FB4238203013200003C974 /* LaunchScreen.storyboard */; };
		87FB4245203013200003C974 /* CalendarTests.swift in Sources */ = {isa = PBXBuildFile; fileRef = 87FB4244203013200003C974 /* CalendarTests.swift */; };
		87FB425320301A460003C974 /* CalendarView.swift in Sources */ = {isa = PBXBuildFile; fileRef = 87FB425220301A460003C974 /* CalendarView.swift */; };
		87FB425520301A840003C974 /* CalendarHeaderView.swift in Sources */ = {isa = PBXBuildFile; fileRef = 87FB425420301A840003C974 /* CalendarHeaderView.swift */; };
		87FB4259203024070003C974 /* WeekDaysTitleView.swift in Sources */ = {isa = PBXBuildFile; fileRef = 87FB4258203024070003C974 /* WeekDaysTitleView.swift */; };
		87FB425B2030246A0003C974 /* DateFormatter+Util.swift in Sources */ = {isa = PBXBuildFile; fileRef = 87FB425A2030246A0003C974 /* DateFormatter+Util.swift */; };
		87FB425D20302D020003C974 /* CalendarStyle.swift in Sources */ = {isa = PBXBuildFile; fileRef = 87FB425C20302D020003C974 /* CalendarStyle.swift */; };
		87FB425F20302DB80003C974 /* WeekDaysTitleViewModel.swift in Sources */ = {isa = PBXBuildFile; fileRef = 87FB425E20302DB80003C974 /* WeekDaysTitleViewModel.swift */; };
		87FB4263203036290003C974 /* CalendarView+DataSource.swift in Sources */ = {isa = PBXBuildFile; fileRef = 87FB4262203036290003C974 /* CalendarView+DataSource.swift */; };
		87FB42672030395C0003C974 /* CalendarDayCell.swift in Sources */ = {isa = PBXBuildFile; fileRef = 87FB42662030395C0003C974 /* CalendarDayCell.swift */; };
		87FB4269203039870003C974 /* CalendarDayCell.xib in Resources */ = {isa = PBXBuildFile; fileRef = 87FB4268203039870003C974 /* CalendarDayCell.xib */; };
/* End PBXBuildFile section */

/* Begin PBXContainerItemProxy section */
		87FB4241203013200003C974 /* PBXContainerItemProxy */ = {
			isa = PBXContainerItemProxy;
			containerPortal = 87FB4224203013200003C974 /* Project object */;
			proxyType = 1;
			remoteGlobalIDString = 87FB422B203013200003C974;
			remoteInfo = Calendar;
		};
/* End PBXContainerItemProxy section */

/* Begin PBXFileReference section */
		8775BBB420305064005DAF59 /* CalendarMonthViewModel.swift */ = {isa = PBXFileReference; lastKnownFileType = sourcecode.swift; path = CalendarMonthViewModel.swift; sourceTree = "<group>"; };
		8775BBB620305345005DAF59 /* CalendarMonthLayout.swift */ = {isa = PBXFileReference; lastKnownFileType = sourcecode.swift; path = CalendarMonthLayout.swift; sourceTree = "<group>"; };
		8775BBB92030C0F7005DAF59 /* CalendarView+Delegate.swift */ = {isa = PBXFileReference; lastKnownFileType = sourcecode.swift; path = "CalendarView+Delegate.swift"; sourceTree = "<group>"; };
		879FB358203821DD00033E0E /* MonthTitleView.swift */ = {isa = PBXFileReference; lastKnownFileType = sourcecode.swift; path = MonthTitleView.swift; sourceTree = "<group>"; };
		879FB3AF2039EECE00033E0E /* AgendaViewController.swift */ = {isa = PBXFileReference; fileEncoding = 4; lastKnownFileType = sourcecode.swift; path = AgendaViewController.swift; sourceTree = "<group>"; };
		879FB3B22039EF9800033E0E /* EventKit.framework */ = {isa = PBXFileReference; lastKnownFileType = wrapper.framework; name = EventKit.framework; path = System/Library/Frameworks/EventKit.framework; sourceTree = SDKROOT; };
		879FB3B62039F1E700033E0E /* AgendaView.storyboard */ = {isa = PBXFileReference; lastKnownFileType = file.storyboard; path = AgendaView.storyboard; sourceTree = "<group>"; };
		879FB3B82039F23600033E0E /* AgendaViewModel.swift */ = {isa = PBXFileReference; lastKnownFileType = sourcecode.swift; path = AgendaViewModel.swift; sourceTree = "<group>"; };
		879FB3BA2039F77800033E0E /* CalendarEvent.swift */ = {isa = PBXFileReference; lastKnownFileType = sourcecode.swift; path = CalendarEvent.swift; sourceTree = "<group>"; };
		879FB3BC2039F9A900033E0E /* DayViewModel.swift */ = {isa = PBXFileReference; lastKnownFileType = sourcecode.swift; path = DayViewModel.swift; sourceTree = "<group>"; };
		879FB3BE2039FA5600033E0E /* EventViewModel.swift */ = {isa = PBXFileReference; lastKnownFileType = sourcecode.swift; path = EventViewModel.swift; sourceTree = "<group>"; };
		879FB3E4203A9BEE00033E0E /* EventsLoader.swift */ = {isa = PBXFileReference; lastKnownFileType = sourcecode.swift; path = EventsLoader.swift; sourceTree = "<group>"; };
		879FB3E6203ABF4E00033E0E /* AgendaViewUpdate.swift */ = {isa = PBXFileReference; lastKnownFileType = sourcecode.swift; path = AgendaViewUpdate.swift; sourceTree = "<group>"; };
		879FB3F6203B0EC900033E0E /* CalendarViewModel_Tests.swift */ = {isa = PBXFileReference; fileEncoding = 4; lastKnownFileType = sourcecode.swift; path = CalendarViewModel_Tests.swift; sourceTree = "<group>"; };
		879FB3F8203B19AF00033E0E /* CalendarMonthViewModel_Tests.swift */ = {isa = PBXFileReference; lastKnownFileType = sourcecode.swift; path = CalendarMonthViewModel_Tests.swift; sourceTree = "<group>"; };
		87B95C42203482DF004DAC97 /* Date+Util.swift */ = {isa = PBXFileReference; lastKnownFileType = sourcecode.swift; path = "Date+Util.swift"; sourceTree = "<group>"; };
		87B95C44203485A0004DAC97 /* Date+Util_Tests.swift */ = {isa = PBXFileReference; lastKnownFileType = sourcecode.swift; path = "Date+Util_Tests.swift"; sourceTree = "<group>"; };
		87B95C6D2034C57D004DAC97 /* CalendarDayCellViewModel.swift */ = {isa = PBXFileReference; lastKnownFileType = sourcecode.swift; path = CalendarDayCellViewModel.swift; sourceTree = "<group>"; };
		87E9E05C2036012E00CA21BA /* CalendarViewModel.swift */ = {isa = PBXFileReference; lastKnownFileType = sourcecode.swift; path = CalendarViewModel.swift; sourceTree = "<group>"; };
		87FB422C203013200003C974 /* Calendar.app */ = {isa = PBXFileReference; explicitFileType = wrapper.application; includeInIndex = 0; path = Calendar.app; sourceTree = BUILT_PRODUCTS_DIR; };
		87FB422F203013200003C974 /* AppDelegate.swift */ = {isa = PBXFileReference; lastKnownFileType = sourcecode.swift; path = AppDelegate.swift; sourceTree = "<group>"; };
		87FB4231203013200003C974 /* ViewController.swift */ = {isa = PBXFileReference; lastKnownFileType = sourcecode.swift; path = ViewController.swift; sourceTree = "<group>"; };
		87FB4234203013200003C974 /* Base */ = {isa = PBXFileReference; lastKnownFileType = file.storyboard; name = Base; path = Base.lproj/Main.storyboard; sourceTree = "<group>"; };
		87FB4236203013200003C974 /* Assets.xcassets */ = {isa = PBXFileReference; lastKnownFileType = folder.assetcatalog; path = Assets.xcassets; sourceTree = "<group>"; };
		87FB4239203013200003C974 /* Base */ = {isa = PBXFileReference; lastKnownFileType = file.storyboard; name = Base; path = Base.lproj/LaunchScreen.storyboard; sourceTree = "<group>"; };
		87FB423B203013200003C974 /* Info.plist */ = {isa = PBXFileReference; lastKnownFileType = text.plist.xml; path = Info.plist; sourceTree = "<group>"; };
		87FB4240203013200003C974 /* CalendarTests.xctest */ = {isa = PBXFileReference; explicitFileType = wrapper.cfbundle; includeInIndex = 0; path = CalendarTests.xctest; sourceTree = BUILT_PRODUCTS_DIR; };
		87FB4244203013200003C974 /* CalendarTests.swift */ = {isa = PBXFileReference; lastKnownFileType = sourcecode.swift; path = CalendarTests.swift; sourceTree = "<group>"; };
		87FB4246203013200003C974 /* Info.plist */ = {isa = PBXFileReference; lastKnownFileType = text.plist.xml; path = Info.plist; sourceTree = "<group>"; };
		87FB425220301A460003C974 /* CalendarView.swift */ = {isa = PBXFileReference; fileEncoding = 4; lastKnownFileType = sourcecode.swift; path = CalendarView.swift; sourceTree = "<group>"; };
		87FB425420301A840003C974 /* CalendarHeaderView.swift */ = {isa = PBXFileReference; lastKnownFileType = sourcecode.swift; path = CalendarHeaderView.swift; sourceTree = "<group>"; };
		87FB4258203024070003C974 /* WeekDaysTitleView.swift */ = {isa = PBXFileReference; lastKnownFileType = sourcecode.swift; path = WeekDaysTitleView.swift; sourceTree = "<group>"; };
		87FB425A2030246A0003C974 /* DateFormatter+Util.swift */ = {isa = PBXFileReference; lastKnownFileType = sourcecode.swift; path = "DateFormatter+Util.swift"; sourceTree = "<group>"; };
		87FB425C20302D020003C974 /* CalendarStyle.swift */ = {isa = PBXFileReference; lastKnownFileType = sourcecode.swift; path = CalendarStyle.swift; sourceTree = "<group>"; };
		87FB425E20302DB80003C974 /* WeekDaysTitleViewModel.swift */ = {isa = PBXFileReference; lastKnownFileType = sourcecode.swift; path = WeekDaysTitleViewModel.swift; sourceTree = "<group>"; };
		87FB4262203036290003C974 /* CalendarView+DataSource.swift */ = {isa = PBXFileReference; lastKnownFileType = sourcecode.swift; path = "CalendarView+DataSource.swift"; sourceTree = "<group>"; };
		87FB42662030395C0003C974 /* CalendarDayCell.swift */ = {isa = PBXFileReference; lastKnownFileType = sourcecode.swift; path = CalendarDayCell.swift; sourceTree = "<group>"; };
		87FB4268203039870003C974 /* CalendarDayCell.xib */ = {isa = PBXFileReference; lastKnownFileType = file.xib; path = CalendarDayCell.xib; sourceTree = "<group>"; };
/* End PBXFileReference section */

/* Begin PBXFrameworksBuildPhase section */
		87FB4229203013200003C974 /* Frameworks */ = {
			isa = PBXFrameworksBuildPhase;
			buildActionMask = 2147483647;
			files = (
				879FB3B32039EF9800033E0E /* EventKit.framework in Frameworks */,
			);
			runOnlyForDeploymentPostprocessing = 0;
		};
		87FB423D203013200003C974 /* Frameworks */ = {
			isa = PBXFrameworksBuildPhase;
			buildActionMask = 2147483647;
			files = (
			);
			runOnlyForDeploymentPostprocessing = 0;
		};
/* End PBXFrameworksBuildPhase section */

/* Begin PBXGroup section */
		8775BBB820308F4B005DAF59 /* CalendarDayCell */ = {
			isa = PBXGroup;
			children = (
				87FB42662030395C0003C974 /* CalendarDayCell.swift */,
				87B95C6D2034C57D004DAC97 /* CalendarDayCellViewModel.swift */,
				87FB4268203039870003C974 /* CalendarDayCell.xib */,
			);
			path = CalendarDayCell;
			sourceTree = "<group>";
		};
		879FB3AE2039EECE00033E0E /* AgendaView */ = {
			isa = PBXGroup;
			children = (
				879FB3AF2039EECE00033E0E /* AgendaViewController.swift */,
				879FB3E6203ABF4E00033E0E /* AgendaViewUpdate.swift */,
				879FB3B82039F23600033E0E /* AgendaViewModel.swift */,
				879FB3BC2039F9A900033E0E /* DayViewModel.swift */,
				879FB3BE2039FA5600033E0E /* EventViewModel.swift */,
				879FB3E4203A9BEE00033E0E /* EventsLoader.swift */,
				879FB3B62039F1E700033E0E /* AgendaView.storyboard */,
			);
			path = AgendaView;
			sourceTree = "<group>";
		};
		879FB3B12039EF9800033E0E /* Frameworks */ = {
			isa = PBXGroup;
			children = (
				879FB3B22039EF9800033E0E /* EventKit.framework */,
			);
			name = Frameworks;
			sourceTree = "<group>";
		};
		879FB3F5203B0EC900033E0E /* CalendarView */ = {
			isa = PBXGroup;
			children = (
				879FB3F6203B0EC900033E0E /* CalendarViewModel_Tests.swift */,
				879FB3F8203B19AF00033E0E /* CalendarMonthViewModel_Tests.swift */,
			);
			path = CalendarView;
			sourceTree = "<group>";
		};
		87FB4223203013200003C974 = {
			isa = PBXGroup;
			children = (
				87FB422E203013200003C974 /* Calendar */,
				87FB4243203013200003C974 /* CalendarTests */,
				87FB422D203013200003C974 /* Products */,
				879FB3B12039EF9800033E0E /* Frameworks */,
			);
			sourceTree = "<group>";
		};
		87FB422D203013200003C974 /* Products */ = {
			isa = PBXGroup;
			children = (
				87FB422C203013200003C974 /* Calendar.app */,
				87FB4240203013200003C974 /* CalendarTests.xctest */,
			);
			name = Products;
			sourceTree = "<group>";
		};
		87FB422E203013200003C974 /* Calendar */ = {
			isa = PBXGroup;
			children = (
				879FB3AE2039EECE00033E0E /* AgendaView */,
				87FB425120301A460003C974 /* CalendarView */,
				87FB422F203013200003C974 /* AppDelegate.swift */,
				87FB4231203013200003C974 /* ViewController.swift */,
				87FB4233203013200003C974 /* Main.storyboard */,
				87FB4236203013200003C974 /* Assets.xcassets */,
				87FB4238203013200003C974 /* LaunchScreen.storyboard */,
				87FB423B203013200003C974 /* Info.plist */,
				87FB425A2030246A0003C974 /* DateFormatter+Util.swift */,
				87B95C42203482DF004DAC97 /* Date+Util.swift */,
				879FB3BA2039F77800033E0E /* CalendarEvent.swift */,
			);
			path = Calendar;
			sourceTree = "<group>";
		};
		87FB4243203013200003C974 /* CalendarTests */ = {
			isa = PBXGroup;
			children = (
				879FB3F5203B0EC900033E0E /* CalendarView */,
				87FB4244203013200003C974 /* CalendarTests.swift */,
				87B95C44203485A0004DAC97 /* Date+Util_Tests.swift */,
				87FB4246203013200003C974 /* Info.plist */,
			);
			path = CalendarTests;
			sourceTree = "<group>";
		};
		87FB425120301A460003C974 /* CalendarView */ = {
			isa = PBXGroup;
			children = (
				87FB42612030350F0003C974 /* HeaderView */,
				8775BBB820308F4B005DAF59 /* CalendarDayCell */,
				87FB425220301A460003C974 /* CalendarView.swift */,
				87E9E05C2036012E00CA21BA /* CalendarViewModel.swift */,
				8775BBB420305064005DAF59 /* CalendarMonthViewModel.swift */,
				8775BBB620305345005DAF59 /* CalendarMonthLayout.swift */,
				87FB4262203036290003C974 /* CalendarView+DataSource.swift */,
				8775BBB92030C0F7005DAF59 /* CalendarView+Delegate.swift */,
				87FB425C20302D020003C974 /* CalendarStyle.swift */,
			);
			path = CalendarView;
			sourceTree = "<group>";
		};
		87FB4260203034F30003C974 /* WeekTitleView */ = {
			isa = PBXGroup;
			children = (
				87FB4258203024070003C974 /* WeekDaysTitleView.swift */,
				87FB425E20302DB80003C974 /* WeekDaysTitleViewModel.swift */,
			);
			path = WeekTitleView;
			sourceTree = "<group>";
		};
		87FB42612030350F0003C974 /* HeaderView */ = {
			isa = PBXGroup;
			children = (
				87FB425420301A840003C974 /* CalendarHeaderView.swift */,
				879FB358203821DD00033E0E /* MonthTitleView.swift */,
				87FB4260203034F30003C974 /* WeekTitleView */,
			);
			path = HeaderView;
			sourceTree = "<group>";
		};
/* End PBXGroup section */

/* Begin PBXNativeTarget section */
		87FB422B203013200003C974 /* Calendar */ = {
			isa = PBXNativeTarget;
			buildConfigurationList = 87FB4249203013200003C974 /* Build configuration list for PBXNativeTarget "Calendar" */;
			buildPhases = (
				87FB4228203013200003C974 /* Sources */,
				87FB4229203013200003C974 /* Frameworks */,
				87FB422A203013200003C974 /* Resources */,
			);
			buildRules = (
			);
			dependencies = (
			);
			name = Calendar;
			productName = Calendar;
			productReference = 87FB422C203013200003C974 /* Calendar.app */;
			productType = "com.apple.product-type.application";
		};
		87FB423F203013200003C974 /* CalendarTests */ = {
			isa = PBXNativeTarget;
			buildConfigurationList = 87FB424C203013200003C974 /* Build configuration list for PBXNativeTarget "CalendarTests" */;
			buildPhases = (
				87FB423C203013200003C974 /* Sources */,
				87FB423D203013200003C974 /* Frameworks */,
				87FB423E203013200003C974 /* Resources */,
			);
			buildRules = (
			);
			dependencies = (
				87FB4242203013200003C974 /* PBXTargetDependency */,
			);
			name = CalendarTests;
			productName = CalendarTests;
			productReference = 87FB4240203013200003C974 /* CalendarTests.xctest */;
			productType = "com.apple.product-type.bundle.unit-test";
		};
/* End PBXNativeTarget section */

/* Begin PBXProject section */
		87FB4224203013200003C974 /* Project object */ = {
			isa = PBXProject;
			attributes = {
				LastSwiftUpdateCheck = 0920;
				LastUpgradeCheck = 0920;
				ORGANIZATIONNAME = "Vinodh Swamy";
				TargetAttributes = {
					87FB422B203013200003C974 = {
						CreatedOnToolsVersion = 9.2;
						ProvisioningStyle = Automatic;
					};
					87FB423F203013200003C974 = {
						CreatedOnToolsVersion = 9.2;
						ProvisioningStyle = Automatic;
						TestTargetID = 87FB422B203013200003C974;
					};
				};
			};
			buildConfigurationList = 87FB4227203013200003C974 /* Build configuration list for PBXProject "Calendar" */;
			compatibilityVersion = "Xcode 8.0";
			developmentRegion = en;
			hasScannedForEncodings = 0;
			knownRegions = (
				en,
				Base,
			);
			mainGroup = 87FB4223203013200003C974;
			productRefGroup = 87FB422D203013200003C974 /* Products */;
			projectDirPath = "";
			projectRoot = "";
			targets = (
				87FB422B203013200003C974 /* Calendar */,
				87FB423F203013200003C974 /* CalendarTests */,
			);
		};
/* End PBXProject section */

/* Begin PBXResourcesBuildPhase section */
		87FB422A203013200003C974 /* Resources */ = {
			isa = PBXResourcesBuildPhase;
			buildActionMask = 2147483647;
			files = (
				87FB4269203039870003C974 /* CalendarDayCell.xib in Resources */,
				87FB423A203013200003C974 /* LaunchScreen.storyboard in Resources */,
				879FB3B72039F1E700033E0E /* AgendaView.storyboard in Resources */,
				87FB4237203013200003C974 /* Assets.xcassets in Resources */,
				87FB4235203013200003C974 /* Main.storyboard in Resources */,
			);
			runOnlyForDeploymentPostprocessing = 0;
		};
		87FB423E203013200003C974 /* Resources */ = {
			isa = PBXResourcesBuildPhase;
			buildActionMask = 2147483647;
			files = (
			);
			runOnlyForDeploymentPostprocessing = 0;
		};
/* End PBXResourcesBuildPhase section */

/* Begin PBXSourcesBuildPhase section */
		87FB4228203013200003C974 /* Sources */ = {
			isa = PBXSourcesBuildPhase;
			buildActionMask = 2147483647;
			files = (
				87FB425D20302D020003C974 /* CalendarStyle.swift in Sources */,
				87FB4259203024070003C974 /* WeekDaysTitleView.swift in Sources */,
				8775BBBA2030C0F7005DAF59 /* CalendarView+Delegate.swift in Sources */,
				879FB3BF2039FA5600033E0E /* EventViewModel.swift in Sources */,
				879FB3E5203A9BEE00033E0E /* EventsLoader.swift in Sources */,
				87FB425B2030246A0003C974 /* DateFormatter+Util.swift in Sources */,
				87FB4232203013200003C974 /* ViewController.swift in Sources */,
				879FB359203821DD00033E0E /* MonthTitleView.swift in Sources */,
				87FB42672030395C0003C974 /* CalendarDayCell.swift in Sources */,
				879FB3B92039F23600033E0E /* AgendaViewModel.swift in Sources */,
				87FB425520301A840003C974 /* CalendarHeaderView.swift in Sources */,
				879FB3B02039EECE00033E0E /* AgendaViewController.swift in Sources */,
				879FB3BB2039F77800033E0E /* CalendarEvent.swift in Sources */,
				8775BBB720305345005DAF59 /* CalendarMonthLayout.swift in Sources */,
				87E9E05D2036012E00CA21BA /* CalendarViewModel.swift in Sources */,
				87FB425F20302DB80003C974 /* WeekDaysTitleViewModel.swift in Sources */,
				87FB4230203013200003C974 /* AppDelegate.swift in Sources */,
				87FB4263203036290003C974 /* CalendarView+DataSource.swift in Sources */,
				8775BBB520305064005DAF59 /* CalendarMonthViewModel.swift in Sources */,
				87FB425320301A460003C974 /* CalendarView.swift in Sources */,
				879FB3BD2039F9A900033E0E /* DayViewModel.swift in Sources */,
				87B95C6E2034C57D004DAC97 /* CalendarDayCellViewModel.swift in Sources */,
				87B95C43203482DF004DAC97 /* Date+Util.swift in Sources */,
				879FB3E7203ABF4E00033E0E /* AgendaViewUpdate.swift in Sources */,
			);
			runOnlyForDeploymentPostprocessing = 0;
		};
		87FB423C203013200003C974 /* Sources */ = {
			isa = PBXSourcesBuildPhase;
			buildActionMask = 2147483647;
			files = (
				879FB3F7203B0EC900033E0E /* CalendarViewModel_Tests.swift in Sources */,
				87FB4245203013200003C974 /* CalendarTests.swift in Sources */,
				87B95C45203485A0004DAC97 /* Date+Util_Tests.swift in Sources */,
				879FB3F9203B19AF00033E0E /* CalendarMonthViewModel_Tests.swift in Sources */,
			);
			runOnlyForDeploymentPostprocessing = 0;
		};
/* End PBXSourcesBuildPhase section */

/* Begin PBXTargetDependency section */
		87FB4242203013200003C974 /* PBXTargetDependency */ = {
			isa = PBXTargetDependency;
			target = 87FB422B203013200003C974 /* Calendar */;
			targetProxy = 87FB4241203013200003C974 /* PBXContainerItemProxy */;
		};
/* End PBXTargetDependency section */

/* Begin PBXVariantGroup section */
		87FB4233203013200003C974 /* Main.storyboard */ = {
			isa = PBXVariantGroup;
			children = (
				87FB4234203013200003C974 /* Base */,
			);
			name = Main.storyboard;
			sourceTree = "<group>";
		};
		87FB4238203013200003C974 /* LaunchScreen.storyboard */ = {
			isa = PBXVariantGroup;
			children = (
				87FB4239203013200003C974 /* Base */,
			);
			name = LaunchScreen.storyboard;
			sourceTree = "<group>";
		};
/* End PBXVariantGroup section */

/* Begin XCBuildConfiguration section */
		87FB4247203013200003C974 /* Debug */ = {
			isa = XCBuildConfiguration;
			buildSettings = {
				ALWAYS_SEARCH_USER_PATHS = NO;
				CLANG_ANALYZER_NONNULL = YES;
				CLANG_ANALYZER_NUMBER_OBJECT_CONVERSION = YES_AGGRESSIVE;
				CLANG_CXX_LANGUAGE_STANDARD = "gnu++14";
				CLANG_CXX_LIBRARY = "libc++";
				CLANG_ENABLE_MODULES = YES;
				CLANG_ENABLE_OBJC_ARC = YES;
				CLANG_WARN_BLOCK_CAPTURE_AUTORELEASING = YES;
				CLANG_WARN_BOOL_CONVERSION = YES;
				CLANG_WARN_COMMA = YES;
				CLANG_WARN_CONSTANT_CONVERSION = YES;
				CLANG_WARN_DIRECT_OBJC_ISA_USAGE = YES_ERROR;
				CLANG_WARN_DOCUMENTATION_COMMENTS = YES;
				CLANG_WARN_EMPTY_BODY = YES;
				CLANG_WARN_ENUM_CONVERSION = YES;
				CLANG_WARN_INFINITE_RECURSION = YES;
				CLANG_WARN_INT_CONVERSION = YES;
				CLANG_WARN_NON_LITERAL_NULL_CONVERSION = YES;
				CLANG_WARN_OBJC_LITERAL_CONVERSION = YES;
				CLANG_WARN_OBJC_ROOT_CLASS = YES_ERROR;
				CLANG_WARN_RANGE_LOOP_ANALYSIS = YES;
				CLANG_WARN_STRICT_PROTOTYPES = YES;
				CLANG_WARN_SUSPICIOUS_MOVE = YES;
				CLANG_WARN_UNGUARDED_AVAILABILITY = YES_AGGRESSIVE;
				CLANG_WARN_UNREACHABLE_CODE = YES;
				CLANG_WARN__DUPLICATE_METHOD_MATCH = YES;
				CODE_SIGN_IDENTITY = "iPhone Developer";
				COPY_PHASE_STRIP = NO;
				DEBUG_INFORMATION_FORMAT = dwarf;
				ENABLE_STRICT_OBJC_MSGSEND = YES;
				ENABLE_TESTABILITY = YES;
				GCC_C_LANGUAGE_STANDARD = gnu11;
				GCC_DYNAMIC_NO_PIC = NO;
				GCC_NO_COMMON_BLOCKS = YES;
				GCC_OPTIMIZATION_LEVEL = 0;
				GCC_PREPROCESSOR_DEFINITIONS = (
					"DEBUG=1",
					"$(inherited)",
				);
				GCC_WARN_64_TO_32_BIT_CONVERSION = YES;
				GCC_WARN_ABOUT_RETURN_TYPE = YES_ERROR;
				GCC_WARN_UNDECLARED_SELECTOR = YES;
				GCC_WARN_UNINITIALIZED_AUTOS = YES_AGGRESSIVE;
				GCC_WARN_UNUSED_FUNCTION = YES;
				GCC_WARN_UNUSED_VARIABLE = YES;
				IPHONEOS_DEPLOYMENT_TARGET = 11.2;
				MTL_ENABLE_DEBUG_INFO = YES;
				ONLY_ACTIVE_ARCH = YES;
				SDKROOT = iphoneos;
				SWIFT_ACTIVE_COMPILATION_CONDITIONS = DEBUG;
				SWIFT_OPTIMIZATION_LEVEL = "-Onone";
			};
			name = Debug;
		};
		87FB4248203013200003C974 /* Release */ = {
			isa = XCBuildConfiguration;
			buildSettings = {
				ALWAYS_SEARCH_USER_PATHS = NO;
				CLANG_ANALYZER_NONNULL = YES;
				CLANG_ANALYZER_NUMBER_OBJECT_CONVERSION = YES_AGGRESSIVE;
				CLANG_CXX_LANGUAGE_STANDARD = "gnu++14";
				CLANG_CXX_LIBRARY = "libc++";
				CLANG_ENABLE_MODULES = YES;
				CLANG_ENABLE_OBJC_ARC = YES;
				CLANG_WARN_BLOCK_CAPTURE_AUTORELEASING = YES;
				CLANG_WARN_BOOL_CONVERSION = YES;
				CLANG_WARN_COMMA = YES;
				CLANG_WARN_CONSTANT_CONVERSION = YES;
				CLANG_WARN_DIRECT_OBJC_ISA_USAGE = YES_ERROR;
				CLANG_WARN_DOCUMENTATION_COMMENTS = YES;
				CLANG_WARN_EMPTY_BODY = YES;
				CLANG_WARN_ENUM_CONVERSION = YES;
				CLANG_WARN_INFINITE_RECURSION = YES;
				CLANG_WARN_INT_CONVERSION = YES;
				CLANG_WARN_NON_LITERAL_NULL_CONVERSION = YES;
				CLANG_WARN_OBJC_LITERAL_CONVERSION = YES;
				CLANG_WARN_OBJC_ROOT_CLASS = YES_ERROR;
				CLANG_WARN_RANGE_LOOP_ANALYSIS = YES;
				CLANG_WARN_STRICT_PROTOTYPES = YES;
				CLANG_WARN_SUSPICIOUS_MOVE = YES;
				CLANG_WARN_UNGUARDED_AVAILABILITY = YES_AGGRESSIVE;
				CLANG_WARN_UNREACHABLE_CODE = YES;
				CLANG_WARN__DUPLICATE_METHOD_MATCH = YES;
				CODE_SIGN_IDENTITY = "iPhone Developer";
				COPY_PHASE_STRIP = NO;
				DEBUG_INFORMATION_FORMAT = "dwarf-with-dsym";
				ENABLE_NS_ASSERTIONS = NO;
				ENABLE_STRICT_OBJC_MSGSEND = YES;
				GCC_C_LANGUAGE_STANDARD = gnu11;
				GCC_NO_COMMON_BLOCKS = YES;
				GCC_WARN_64_TO_32_BIT_CONVERSION = YES;
				GCC_WARN_ABOUT_RETURN_TYPE = YES_ERROR;
				GCC_WARN_UNDECLARED_SELECTOR = YES;
				GCC_WARN_UNINITIALIZED_AUTOS = YES_AGGRESSIVE;
				GCC_WARN_UNUSED_FUNCTION = YES;
				GCC_WARN_UNUSED_VARIABLE = YES;
				IPHONEOS_DEPLOYMENT_TARGET = 11.2;
				MTL_ENABLE_DEBUG_INFO = NO;
				SDKROOT = iphoneos;
				SWIFT_OPTIMIZATION_LEVEL = "-Owholemodule";
				VALIDATE_PRODUCT = YES;
			};
			name = Release;
		};
		87FB424A203013200003C974 /* Debug */ = {
			isa = XCBuildConfiguration;
			buildSettings = {
				ASSETCATALOG_COMPILER_APPICON_NAME = AppIcon;
				"CODE_SIGN_IDENTITY[sdk=iphoneos*]" = "iPhone Developer";
				CODE_SIGN_STYLE = Automatic;
				DEVELOPMENT_TEAM = Q8K276U645;
				INFOPLIST_FILE = Calendar/Info.plist;
				LD_RUNPATH_SEARCH_PATHS = "$(inherited) @executable_path/Frameworks";
				PRODUCT_BUNDLE_IDENTIFIER = mycom.Calendar;
				PRODUCT_NAME = "$(TARGET_NAME)";
				PROVISIONING_PROFILE_SPECIFIER = "";
				SWIFT_VERSION = 4.0;
				TARGETED_DEVICE_FAMILY = "1,2";
			};
			name = Debug;
		};
		87FB424B203013200003C974 /* Release */ = {
			isa = XCBuildConfiguration;
			buildSettings = {
				ASSETCATALOG_COMPILER_APPICON_NAME = AppIcon;
				"CODE_SIGN_IDENTITY[sdk=iphoneos*]" = "iPhone Developer";
				CODE_SIGN_STYLE = Automatic;
				DEVELOPMENT_TEAM = Q8K276U645;
				INFOPLIST_FILE = Calendar/Info.plist;
				LD_RUNPATH_SEARCH_PATHS = "$(inherited) @executable_path/Frameworks";
				PRODUCT_BUNDLE_IDENTIFIER = mycom.Calendar;
				PRODUCT_NAME = "$(TARGET_NAME)";
				PROVISIONING_PROFILE_SPECIFIER = "";
				SWIFT_VERSION = 4.0;
				TARGETED_DEVICE_FAMILY = "1,2";
			};
			name = Release;
		};
		87FB424D203013200003C974 /* Debug */ = {
			isa = XCBuildConfiguration;
			buildSettings = {
				ALWAYS_EMBED_SWIFT_STANDARD_LIBRARIES = YES;
				BUNDLE_LOADER = "$(TEST_HOST)";
				CODE_SIGN_STYLE = Automatic;
				DEVELOPMENT_TEAM = Q8K276U645;
				INFOPLIST_FILE = CalendarTests/Info.plist;
				LD_RUNPATH_SEARCH_PATHS = "$(inherited) @executable_path/Frameworks @loader_path/Frameworks";
				PRODUCT_BUNDLE_IDENTIFIER = mycom.CalendarTests;
				PRODUCT_NAME = "$(TARGET_NAME)";
				SWIFT_VERSION = 4.0;
				TARGETED_DEVICE_FAMILY = "1,2";
				TEST_HOST = "$(BUILT_PRODUCTS_DIR)/Calendar.app/Calendar";
			};
			name = Debug;
		};
		87FB424E203013200003C974 /* Release */ = {
			isa = XCBuildConfiguration;
			buildSettings = {
				ALWAYS_EMBED_SWIFT_STANDARD_LIBRARIES = YES;
				BUNDLE_LOADER = "$(TEST_HOST)";
				CODE_SIGN_STYLE = Automatic;
				DEVELOPMENT_TEAM = Q8K276U645;
				INFOPLIST_FILE = CalendarTests/Info.plist;
				LD_RUNPATH_SEARCH_PATHS = "$(inherited) @executable_path/Frameworks @loader_path/Frameworks";
				PRODUCT_BUNDLE_IDENTIFIER = mycom.CalendarTests;
				PRODUCT_NAME = "$(TARGET_NAME)";
				SWIFT_VERSION = 4.0;
				TARGETED_DEVICE_FAMILY = "1,2";
				TEST_HOST = "$(BUILT_PRODUCTS_DIR)/Calendar.app/Calendar";
			};
			name = Release;
		};
/* End XCBuildConfiguration section */

/* Begin XCConfigurationList section */
		87FB4227203013200003C974 /* Build configuration list for PBXProject "Calendar" */ = {
			isa = XCConfigurationList;
			buildConfigurations = (
				87FB4247203013200003C974 /* Debug */,
				87FB4248203013200003C974 /* Release */,
			);
			defaultConfigurationIsVisible = 0;
			defaultConfigurationName = Release;
		};
		87FB4249203013200003C974 /* Build configuration list for PBXNativeTarget "Calendar" */ = {
			isa = XCConfigurationList;
			buildConfigurations = (
				87FB424A203013200003C974 /* Debug */,
				87FB424B203013200003C974 /* Release */,
			);
			defaultConfigurationIsVisible = 0;
			defaultConfigurationName = Release;
		};
		87FB424C203013200003C974 /* Build configuration list for PBXNativeTarget "CalendarTests" */ = {
			isa = XCConfigurationList;
			buildConfigurations = (
				87FB424D203013200003C974 /* Debug */,
				87FB424E203013200003C974 /* Release */,
			);
			defaultConfigurationIsVisible = 0;
			defaultConfigurationName = Release;
		};
/* End XCConfigurationList section */
	};
	rootObject = 87FB4224203013200003C974 /* Project object */;
}
